// !$*UTF8*$!
{
	archiveVersion = 1;
	classes = {
	};
	objectVersion = 56;
	objects = {

/* Begin PBXBuildFile section */
		2E677ECD2B599B7500013448 /* AppDelegate.swift in Sources */ = {isa = PBXBuildFile; fileRef = 2E677ECC2B599B7500013448 /* AppDelegate.swift */; };
		2E677ECF2B599B7500013448 /* SceneDelegate.swift in Sources */ = {isa = PBXBuildFile; fileRef = 2E677ECE2B599B7500013448 /* SceneDelegate.swift */; };
		2E677ED12B599B7500013448 /* ViewController.swift in Sources */ = {isa = PBXBuildFile; fileRef = 2E677ED02B599B7500013448 /* ViewController.swift */; };
		2E677ED42B599B7500013448 /* Main.storyboard in Resources */ = {isa = PBXBuildFile; fileRef = 2E677ED22B599B7500013448 /* Main.storyboard */; };
		2E677ED62B599B7800013448 /* Assets.xcassets in Resources */ = {isa = PBXBuildFile; fileRef = 2E677ED52B599B7800013448 /* Assets.xcassets */; };
		2E677ED92B599B7800013448 /* LaunchScreen.storyboard in Resources */ = {isa = PBXBuildFile; fileRef = 2E677ED72B599B7800013448 /* LaunchScreen.storyboard */; };
		2E677EE12B599BAE00013448 /* DetailViewController.swift in Sources */ = {isa = PBXBuildFile; fileRef = 2E677EE02B599BAE00013448 /* DetailViewController.swift */; };
		2E677EE62B599BF300013448 /* Movie.swift in Sources */ = {isa = PBXBuildFile; fileRef = 2E677EE52B599BF300013448 /* Movie.swift */; };
		2E677EEB2B599C2A00013448 /* MyTableViewCell.swift in Sources */ = {isa = PBXBuildFile; fileRef = 2E677EEA2B599C2A00013448 /* MyTableViewCell.swift */; };
		2E677EED2B599C5100013448 /* DetailView.swift in Sources */ = {isa = PBXBuildFile; fileRef = 2E677EEC2B599C5100013448 /* DetailView.swift */; };
		2E677EEF2B599C6D00013448 /* DataManager.swift in Sources */ = {isa = PBXBuildFile; fileRef = 2E677EEE2B599C6D00013448 /* DataManager.swift */; };
/* End PBXBuildFile section */

/* Begin PBXFileReference section */
		2E677EC92B599B7500013448 /* TableView_with_code.app */ = {isa = PBXFileReference; explicitFileType = wrapper.application; includeInIndex = 0; path = TableView_with_code.app; sourceTree = BUILT_PRODUCTS_DIR; };
		2E677ECC2B599B7500013448 /* AppDelegate.swift */ = {isa = PBXFileReference; lastKnownFileType = sourcecode.swift; path = AppDelegate.swift; sourceTree = "<group>"; };
		2E677ECE2B599B7500013448 /* SceneDelegate.swift */ = {isa = PBXFileReference; lastKnownFileType = sourcecode.swift; path = SceneDelegate.swift; sourceTree = "<group>"; };
		2E677ED02B599B7500013448 /* ViewController.swift */ = {isa = PBXFileReference; lastKnownFileType = sourcecode.swift; path = ViewController.swift; sourceTree = "<group>"; };
		2E677ED32B599B7500013448 /* Base */ = {isa = PBXFileReference; lastKnownFileType = file.storyboard; name = Base; path = Base.lproj/Main.storyboard; sourceTree = "<group>"; };
		2E677ED52B599B7800013448 /* Assets.xcassets */ = {isa = PBXFileReference; lastKnownFileType = folder.assetcatalog; path = Assets.xcassets; sourceTree = "<group>"; };
		2E677ED82B599B7800013448 /* Base */ = {isa = PBXFileReference; lastKnownFileType = file.storyboard; name = Base; path = Base.lproj/LaunchScreen.storyboard; sourceTree = "<group>"; };
		2E677EDA2B599B7800013448 /* Info.plist */ = {isa = PBXFileReference; lastKnownFileType = text.plist.xml; path = Info.plist; sourceTree = "<group>"; };
		2E677EE02B599BAE00013448 /* DetailViewController.swift */ = {isa = PBXFileReference; lastKnownFileType = sourcecode.swift; path = DetailViewController.swift; sourceTree = "<group>"; };
		2E677EE52B599BF300013448 /* Movie.swift */ = {isa = PBXFileReference; lastKnownFileType = sourcecode.swift; path = Movie.swift; sourceTree = "<group>"; };
		2E677EEA2B599C2A00013448 /* MyTableViewCell.swift */ = {isa = PBXFileReference; lastKnownFileType = sourcecode.swift; path = MyTableViewCell.swift; sourceTree = "<group>"; };
		2E677EEC2B599C5100013448 /* DetailView.swift */ = {isa = PBXFileReference; lastKnownFileType = sourcecode.swift; path = DetailView.swift; sourceTree = "<group>"; };
		2E677EEE2B599C6D00013448 /* DataManager.swift */ = {isa = PBXFileReference; lastKnownFileType = sourcecode.swift; path = DataManager.swift; sourceTree = "<group>"; };
/* End PBXFileReference section */

/* Begin PBXFrameworksBuildPhase section */
		2E677EC62B599B7500013448 /* Frameworks */ = {
			isa = PBXFrameworksBuildPhase;
			buildActionMask = 2147483647;
			files = (
			);
			runOnlyForDeploymentPostprocessing = 0;
		};
/* End PBXFrameworksBuildPhase section */

/* Begin PBXGroup section */
		2E677EC02B599B7500013448 = {
			isa = PBXGroup;
			children = (
				2E677ECB2B599B7500013448 /* TableView_with_code */,
				2E677ECA2B599B7500013448 /* Products */,
			);
			sourceTree = "<group>";
		};
		2E677ECA2B599B7500013448 /* Products */ = {
			isa = PBXGroup;
			children = (
				2E677EC92B599B7500013448 /* TableView_with_code.app */,
			);
			name = Products;
			sourceTree = "<group>";
		};
		2E677ECB2B599B7500013448 /* TableView_with_code */ = {
			isa = PBXGroup;
			children = (
				2E677ECC2B599B7500013448 /* AppDelegate.swift */,
				2E677ECE2B599B7500013448 /* SceneDelegate.swift */,
				2E677EE42B599BC600013448 /* Views */,
				2E677EE32B599BBF00013448 /* Models */,
				2E677EE22B599BB300013448 /* Controllers */,
				2E677ED22B599B7500013448 /* Main.storyboard */,
				2E677ED52B599B7800013448 /* Assets.xcassets */,
				2E677ED72B599B7800013448 /* LaunchScreen.storyboard */,
				2E677EDA2B599B7800013448 /* Info.plist */,
			);
			path = TableView_with_code;
			sourceTree = "<group>";
		};
		2E677EE22B599BB300013448 /* Controllers */ = {
			isa = PBXGroup;
			children = (
				2E677ED02B599B7500013448 /* ViewController.swift */,
				2E677EE02B599BAE00013448 /* DetailViewController.swift */,
			);
			path = Controllers;
			sourceTree = "<group>";
		};
		2E677EE32B599BBF00013448 /* Models */ = {
			isa = PBXGroup;
			children = (
				2E677EE52B599BF300013448 /* Movie.swift */,
				2E677EEE2B599C6D00013448 /* DataManager.swift */,
			);
			path = Models;
			sourceTree = "<group>";
		};
		2E677EE42B599BC600013448 /* Views */ = {
			isa = PBXGroup;
			children = (
				2E677EEA2B599C2A00013448 /* MyTableViewCell.swift */,
				2E677EEC2B599C5100013448 /* DetailView.swift */,
			);
			path = Views;
			sourceTree = "<group>";
		};
/* End PBXGroup section */

/* Begin PBXNativeTarget section */
		2E677EC82B599B7500013448 /* TableView_with_code */ = {
			isa = PBXNativeTarget;
			buildConfigurationList = 2E677EDD2B599B7800013448 /* Build configuration list for PBXNativeTarget "TableView_with_code" */;
			buildPhases = (
				2E677EC52B599B7500013448 /* Sources */,
				2E677EC62B599B7500013448 /* Frameworks */,
				2E677EC72B599B7500013448 /* Resources */,
			);
			buildRules = (
			);
			dependencies = (
			);
			name = TableView_with_code;
			productName = TableView_with_code;
			productReference = 2E677EC92B599B7500013448 /* TableView_with_code.app */;
			productType = "com.apple.product-type.application";
		};
/* End PBXNativeTarget section */

/* Begin PBXProject section */
		2E677EC12B599B7500013448 /* Project object */ = {
			isa = PBXProject;
			attributes = {
				BuildIndependentTargetsInParallel = 1;
				LastSwiftUpdateCheck = 1520;
				LastUpgradeCheck = 1520;
				TargetAttributes = {
					2E677EC82B599B7500013448 = {
						CreatedOnToolsVersion = 15.2;
					};
				};
			};
			buildConfigurationList = 2E677EC42B599B7500013448 /* Build configuration list for PBXProject "TableView_with_code" */;
			compatibilityVersion = "Xcode 14.0";
			developmentRegion = en;
			hasScannedForEncodings = 0;
			knownRegions = (
				en,
				Base,
			);
			mainGroup = 2E677EC02B599B7500013448;
			productRefGroup = 2E677ECA2B599B7500013448 /* Products */;
			projectDirPath = "";
			projectRoot = "";
			targets = (
				2E677EC82B599B7500013448 /* TableView_with_code */,
			);
		};
/* End PBXProject section */

/* Begin PBXResourcesBuildPhase section */
		2E677EC72B599B7500013448 /* Resources */ = {
			isa = PBXResourcesBuildPhase;
			buildActionMask = 2147483647;
			files = (
				2E677ED92B599B7800013448 /* LaunchScreen.storyboard in Resources */,
				2E677ED62B599B7800013448 /* Assets.xcassets in Resources */,
				2E677ED42B599B7500013448 /* Main.storyboard in Resources */,
			);
			runOnlyForDeploymentPostprocessing = 0;
		};
/* End PBXResourcesBuildPhase section */

/* Begin PBXSourcesBuildPhase section */
		2E677EC52B599B7500013448 /* Sources */ = {
			isa = PBXSourcesBuildPhase;
			buildActionMask = 2147483647;
			files = (
				2E677EEB2B599C2A00013448 /* MyTableViewCell.swift in Sources */,
				2E677EEF2B599C6D00013448 /* DataManager.swift in Sources */,
				2E677ED12B599B7500013448 /* ViewController.swift in Sources */,
				2E677ECD2B599B7500013448 /* AppDelegate.swift in Sources */,
				2E677EED2B599C5100013448 /* DetailView.swift in Sources */,
				2E677ECF2B599B7500013448 /* SceneDelegate.swift in Sources */,
				2E677EE12B599BAE00013448 /* DetailViewController.swift in Sources */,
				2E677EE62B599BF300013448 /* Movie.swift in Sources */,
			);
			runOnlyForDeploymentPostprocessing = 0;
		};
/* End PBXSourcesBuildPhase section */

/* Begin PBXVariantGroup section */
		2E677ED22B599B7500013448 /* Main.storyboard */ = {
			isa = PBXVariantGroup;
			children = (
				2E677ED32B599B7500013448 /* Base */,
			);
			name = Main.storyboard;
			sourceTree = "<group>";
		};
		2E677ED72B599B7800013448 /* LaunchScreen.storyboard */ = {
			isa = PBXVariantGroup;
			children = (
				2E677ED82B599B7800013448 /* Base */,
			);
			name = LaunchScreen.storyboard;
			sourceTree = "<group>";
		};
/* End PBXVariantGroup section */

/* Begin XCBuildConfiguration section */
		2E677EDB2B599B7800013448 /* Debug */ = {
			isa = XCBuildConfiguration;
			buildSettings = {
				ALWAYS_SEARCH_USER_PATHS = NO;
				ASSETCATALOG_COMPILER_GENERATE_SWIFT_ASSET_SYMBOL_EXTENSIONS = YES;
				CLANG_ANALYZER_NONNULL = YES;
				CLANG_ANALYZER_NUMBER_OBJECT_CONVERSION = YES_AGGRESSIVE;
				CLANG_CXX_LANGUAGE_STANDARD = "gnu++20";
				CLANG_ENABLE_MODULES = YES;
				CLANG_ENABLE_OBJC_ARC = YES;
				CLANG_ENABLE_OBJC_WEAK = YES;
				CLANG_WARN_BLOCK_CAPTURE_AUTORELEASING = YES;
				CLANG_WARN_BOOL_CONVERSION = YES;
				CLANG_WARN_COMMA = YES;
				CLANG_WARN_CONSTANT_CONVERSION = YES;
				CLANG_WARN_DEPRECATED_OBJC_IMPLEMENTATIONS = YES;
				CLANG_WARN_DIRECT_OBJC_ISA_USAGE = YES_ERROR;
				CLANG_WARN_DOCUMENTATION_COMMENTS = YES;
				CLANG_WARN_EMPTY_BODY = YES;
				CLANG_WARN_ENUM_CONVERSION = YES;
				CLANG_WARN_INFINITE_RECURSION = YES;
				CLANG_WARN_INT_CONVERSION = YES;
				CLANG_WARN_NON_LITERAL_NULL_CONVERSION = YES;
				CLANG_WARN_OBJC_IMPLICIT_RETAIN_SELF = YES;
				CLANG_WARN_OBJC_LITERAL_CONVERSION = YES;
				CLANG_WARN_OBJC_ROOT_CLASS = YES_ERROR;
				CLANG_WARN_QUOTED_INCLUDE_IN_FRAMEWORK_HEADER = YES;
				CLANG_WARN_RANGE_LOOP_ANALYSIS = YES;
				CLANG_WARN_STRICT_PROTOTYPES = YES;
				CLANG_WARN_SUSPICIOUS_MOVE = YES;
				CLANG_WARN_UNGUARDED_AVAILABILITY = YES_AGGRESSIVE;
				CLANG_WARN_UNREACHABLE_CODE = YES;
				CLANG_WARN__DUPLICATE_METHOD_MATCH = YES;
				COPY_PHASE_STRIP = NO;
				DEBUG_INFORMATION_FORMAT = dwarf;
				ENABLE_STRICT_OBJC_MSGSEND = YES;
				ENABLE_TESTABILITY = YES;
				ENABLE_USER_SCRIPT_SANDBOXING = YES;
				GCC_C_LANGUAGE_STANDARD = gnu17;
				GCC_DYNAMIC_NO_PIC = NO;
				GCC_NO_COMMON_BLOCKS = YES;
				GCC_OPTIMIZATION_LEVEL = 0;
				GCC_PREPROCESSOR_DEFINITIONS = (
					"DEBUG=1",
					"$(inherited)",
				);
				GCC_WARN_64_TO_32_BIT_CONVERSION = YES;
				GCC_WARN_ABOUT_RETURN_TYPE = YES_ERROR;
				GCC_WARN_UNDECLARED_SELECTOR = YES;
				GCC_WARN_UNINITIALIZED_AUTOS = YES_AGGRESSIVE;
				GCC_WARN_UNUSED_FUNCTION = YES;
				GCC_WARN_UNUSED_VARIABLE = YES;
				IPHONEOS_DEPLOYMENT_TARGET = 17.2;
				LOCALIZATION_PREFERS_STRING_CATALOGS = YES;
				MTL_ENABLE_DEBUG_INFO = INCLUDE_SOURCE;
				MTL_FAST_MATH = YES;
				ONLY_ACTIVE_ARCH = YES;
				SDKROOT = iphoneos;
				SWIFT_ACTIVE_COMPILATION_CONDITIONS = "DEBUG $(inherited)";
				SWIFT_OPTIMIZATION_LEVEL = "-Onone";
			};
			name = Debug;
		};
		2E677EDC2B599B7800013448 /* Release */ = {
			isa = XCBuildConfiguration;
			buildSettings = {
				ALWAYS_SEARCH_USER_PATHS = NO;
				ASSETCATALOG_COMPILER_GENERATE_SWIFT_ASSET_SYMBOL_EXTENSIONS = YES;
				CLANG_ANALYZER_NONNULL = YES;
				CLANG_ANALYZER_NUMBER_OBJECT_CONVERSION = YES_AGGRESSIVE;
				CLANG_CXX_LANGUAGE_STANDARD = "gnu++20";
				CLANG_ENABLE_MODULES = YES;
				CLANG_ENABLE_OBJC_ARC = YES;
				CLANG_ENABLE_OBJC_WEAK = YES;
				CLANG_WARN_BLOCK_CAPTURE_AUTORELEASING = YES;
				CLANG_WARN_BOOL_CONVERSION = YES;
				CLANG_WARN_COMMA = YES;
				CLANG_WARN_CONSTANT_CONVERSION = YES;
				CLANG_WARN_DEPRECATED_OBJC_IMPLEMENTATIONS = YES;
				CLANG_WARN_DIRECT_OBJC_ISA_USAGE = YES_ERROR;
				CLANG_WARN_DOCUMENTATION_COMMENTS = YES;
				CLANG_WARN_EMPTY_BODY = YES;
				CLANG_WARN_ENUM_CONVERSION = YES;
				CLANG_WARN_INFINITE_RECURSION = YES;
				CLANG_WARN_INT_CONVERSION = YES;
				CLANG_WARN_NON_LITERAL_NULL_CONVERSION = YES;
				CLANG_WARN_OBJC_IMPLICIT_RETAIN_SELF = YES;
				CLANG_WARN_OBJC_LITERAL_CONVERSION = YES;
				CLANG_WARN_OBJC_ROOT_CLASS = YES_ERROR;
				CLANG_WARN_QUOTED_INCLUDE_IN_FRAMEWORK_HEADER = YES;
				CLANG_WARN_RANGE_LOOP_ANALYSIS = YES;
				CLANG_WARN_STRICT_PROTOTYPES = YES;
				CLANG_WARN_SUSPICIOUS_MOVE = YES;
				CLANG_WARN_UNGUARDED_AVAILABILITY = YES_AGGRESSIVE;
				CLANG_WARN_UNREACHABLE_CODE = YES;
				CLANG_WARN__DUPLICATE_METHOD_MATCH = YES;
				COPY_PHASE_STRIP = NO;
				DEBUG_INFORMATION_FORMAT = "dwarf-with-dsym";
				ENABLE_NS_ASSERTIONS = NO;
				ENABLE_STRICT_OBJC_MSGSEND = YES;
				ENABLE_USER_SCRIPT_SANDBOXING = YES;
				GCC_C_LANGUAGE_STANDARD = gnu17;
				GCC_NO_COMMON_BLOCKS = YES;
				GCC_WARN_64_TO_32_BIT_CONVERSION = YES;
				GCC_WARN_ABOUT_RETURN_TYPE = YES_ERROR;
				GCC_WARN_UNDECLARED_SELECTOR = YES;
				GCC_WARN_UNINITIALIZED_AUTOS = YES_AGGRESSIVE;
				GCC_WARN_UNUSED_FUNCTION = YES;
				GCC_WARN_UNUSED_VARIABLE = YES;
				IPHONEOS_DEPLOYMENT_TARGET = 17.2;
				LOCALIZATION_PREFERS_STRING_CATALOGS = YES;
				MTL_ENABLE_DEBUG_INFO = NO;
				MTL_FAST_MATH = YES;
				SDKROOT = iphoneos;
				SWIFT_COMPILATION_MODE = wholemodule;
				VALIDATE_PRODUCT = YES;
			};
			name = Release;
		};
		2E677EDE2B599B7800013448 /* Debug */ = {
			isa = XCBuildConfiguration;
			buildSettings = {
				ASSETCATALOG_COMPILER_APPICON_NAME = AppIcon;
				ASSETCATALOG_COMPILER_GLOBAL_ACCENT_COLOR_NAME = AccentColor;
				CODE_SIGN_STYLE = Automatic;
				CURRENT_PROJECT_VERSION = 1;
				DEVELOPMENT_TEAM = 79LSKHWYJ8;
				GENERATE_INFOPLIST_FILE = YES;
				INFOPLIST_FILE = TableView_with_code/Info.plist;
				INFOPLIST_KEY_UIApplicationSupportsIndirectInputEvents = YES;
				INFOPLIST_KEY_UILaunchStoryboardName = LaunchScreen;
				INFOPLIST_KEY_UIMainStoryboardFile = Main;
				INFOPLIST_KEY_UISupportedInterfaceOrientations_iPad = "UIInterfaceOrientationPortrait UIInterfaceOrientationPortraitUpsideDown UIInterfaceOrientationLandscapeLeft UIInterfaceOrientationLandscapeRight";
				INFOPLIST_KEY_UISupportedInterfaceOrientations_iPhone = "UIInterfaceOrientationPortrait UIInterfaceOrientationLandscapeLeft UIInterfaceOrientationLandscapeRight";
				LD_RUNPATH_SEARCH_PATHS = (
					"$(inherited)",
					"@executable_path/Frameworks",
				);
				MARKETING_VERSION = 1.0;
				PRODUCT_BUNDLE_IDENTIFIER = "com.Baejihae.TableView-with-code";
				PRODUCT_NAME = "$(TARGET_NAME)";
				SUPPORTED_PLATFORMS = "iphoneos iphonesimulator";
				SUPPORTS_MACCATALYST = NO;
				SUPPORTS_MAC_DESIGNED_FOR_IPHONE_IPAD = NO;
				SUPPORTS_XR_DESIGNED_FOR_IPHONE_IPAD = NO;
				SWIFT_EMIT_LOC_STRINGS = YES;
				SWIFT_VERSION = 5.0;
				TARGETED_DEVICE_FAMILY = 1;
			};
			name = Debug;
		};
		2E677EDF2B599B7800013448 /* Release */ = {
			isa = XCBuildConfiguration;
			buildSettings = {
				ASSETCATALOG_COMPILER_APPICON_NAME = AppIcon;
				ASSETCATALOG_COMPILER_GLOBAL_ACCENT_COLOR_NAME = AccentColor;
				CODE_SIGN_STYLE = Automatic;
				CURRENT_PROJECT_VERSION = 1;
				DEVELOPMENT_TEAM = 79LSKHWYJ8;
				GENERATE_INFOPLIST_FILE = YES;
				INFOPLIST_FILE = TableView_with_code/Info.plist;
				INFOPLIST_KEY_UIApplicationSupportsIndirectInputEvents = YES;
				INFOPLIST_KEY_UILaunchStoryboardName = LaunchScreen;
				INFOPLIST_KEY_UIMainStoryboardFile = Main;
				INFOPLIST_KEY_UISupportedInterfaceOrientations_iPad = "UIInterfaceOrientationPortrait UIInterfaceOrientationPortraitUpsideDown UIInterfaceOrientationLandscapeLeft UIInterfaceOrientationLandscapeRight";
				INFOPLIST_KEY_UISupportedInterfaceOrientations_iPhone = "UIInterfaceOrientationPortrait UIInterfaceOrientationLandscapeLeft UIInterfaceOrientationLandscapeRight";
				LD_RUNPATH_SEARCH_PATHS = (
					"$(inherited)",
					"@executable_path/Frameworks",
				);
				MARKETING_VERSION = 1.0;
				PRODUCT_BUNDLE_IDENTIFIER = "com.Baejihae.TableView-with-code";
				PRODUCT_NAME = "$(TARGET_NAME)";
				SUPPORTED_PLATFORMS = "iphoneos iphonesimulator";
				SUPPORTS_MACCATALYST = NO;
				SUPPORTS_MAC_DESIGNED_FOR_IPHONE_IPAD = NO;
				SUPPORTS_XR_DESIGNED_FOR_IPHONE_IPAD = NO;
				SWIFT_EMIT_LOC_STRINGS = YES;
				SWIFT_VERSION = 5.0;
				TARGETED_DEVICE_FAMILY = 1;
			};
			name = Release;
		};
/* End XCBuildConfiguration section */

/* Begin XCConfigurationList section */
		2E677EC42B599B7500013448 /* Build configuration list for PBXProject "TableView_with_code" */ = {
			isa = XCConfigurationList;
			buildConfigurations = (
				2E677EDB2B599B7800013448 /* Debug */,
				2E677EDC2B599B7800013448 /* Release */,
			);
			defaultConfigurationIsVisible = 0;
			defaultConfigurationName = Release;
		};
		2E677EDD2B599B7800013448 /* Build configuration list for PBXNativeTarget "TableView_with_code" */ = {
			isa = XCConfigurationList;
			buildConfigurations = (
				2E677EDE2B599B7800013448 /* Debug */,
				2E677EDF2B599B7800013448 /* Release */,
			);
			defaultConfigurationIsVisible = 0;
			defaultConfigurationName = Release;
		};
/* End XCConfigurationList section */
	};
	rootObject = 2E677EC12B599B7500013448 /* Project object */;
}
